
Microsoft Visual Studio Solution File, Format Version 12.00
# Visual Studio Version 17
VisualStudioVersion = 17.8.34322.80
MinimumVisualStudioVersion = 10.0.40219.1
Project("{FAE04EC0-301F-11D3-BF4B-00C04F79EFBC}") = "Contact Manger", "Contact Manger\Contact Manger.csproj", "{CF019304-98F0-4CEB-89BA-1FC409692DF9}"
EndProject
Global
	GlobalSection(SolutionConfigurationPlatforms) = preSolution
		Debug|Any CPU = Debug|Any CPU
		Release|Any CPU = Release|Any CPU
	EndGlobalSection
	GlobalSection(ProjectConfigurationPlatforms) = postSolution
		{CF019304-98F0-4CEB-89BA-1FC409692DF9}.Debug|Any CPU.ActiveCfg = Debug|Any CPU
		{CF019304-98F0-4CEB-89BA-1FC409692DF9}.Debug|Any CPU.Build.0 = Debug|Any CPU
		{CF019304-98F0-4CEB-89BA-1FC409692DF9}.Release|Any CPU.ActiveCfg = Release|Any CPU
		{CF019304-98F0-4CEB-89BA-1FC409692DF9}.Release|Any CPU.Build.0 = Release|Any CPU
	EndGlobalSection
	GlobalSection(SolutionProperties) = preSolution
		HideSolutionNode = FALSE
	EndGlobalSection
	GlobalSection(ExtensibilityGlobals) = postSolution
		SolutionGuid = {C48E2B0C-FB08-40CC-A88B-44245528BA93}
	EndGlobalSection
EndGlobal
